
Microsoft Visual Studio Solution File, Format Version 12.00
# Visual Studio Version 17
VisualStudioVersion = 17.13.35931.197
MinimumVisualStudioVersion = 10.0.40219.1
Project("{FAE04EC0-301F-11D3-BF4B-00C04F79EFBC}") = "MBBS.AI.OpenAI", "MBBS.AI.OpenAI\MBBS.AI.OpenAI.csproj", "{1CE75F1F-6BCE-4631-84C6-5EEA5899F30A}"
EndProject
Project("{8BC9CEB8-8B4A-11D0-8D11-00A0C91BC942}") = "MBBS.AI.Wrapper", "MBBS.AI.Wrapper\MBBS.AI.Wrapper.vcxproj", "{B7279DAA-9A5F-226A-C59A-CC941A761CAB}"
EndProject
Project("{2150E333-8FDC-42A3-9474-1A3956D46DE8}") = "lib", "lib", "{76AC9885-C88B-4814-9143-C1B769535E25}"
EndProject
Project("{2150E333-8FDC-42A3-9474-1A3956D46DE8}") = "inc", "inc", "{D4CEE52A-B81D-430E-ABBA-796B33B35221}"
	ProjectSection(SolutionItems) = preProject
		inc\AIN.H = inc\AIN.H
		inc\ALIAS.H = inc\ALIAS.H
		inc\AUDAPI.h = inc\AUDAPI.h
		inc\AUTORIP.H = inc\AUTORIP.H
		inc\BBSUTILS.H = inc\BBSUTILS.H
		inc\BRKTHU.H = inc\BRKTHU.H
		inc\CFGAPI.H = inc\CFGAPI.H
		inc\CHANDIR.H = inc\CHANDIR.H
		inc\CMAN.H = inc\CMAN.H
		inc\CRIT.H = inc\CRIT.H
		inc\CRNUL.H = inc\CRNUL.H
		inc\CVTAPI.H = inc\CVTAPI.H
		inc\DATSTM.H = inc\DATSTM.H
		inc\DFAAPI.H = inc\DFAAPI.H
		inc\DFCAPI.H = inc\DFCAPI.H
		inc\dfcapi2.h = inc\dfcapi2.h
		inc\DNF.H = inc\DNF.H
		inc\DNFMGR.H = inc\DNFMGR.H
		inc\DNS.H = inc\DNS.H
		inc\DNTAPI.H = inc\DNTAPI.H
		inc\EFHOOKS.H = inc\EFHOOKS.H
		inc\EXCPHAND.H = inc\EXCPHAND.H
		inc\FILEXFER.H = inc\FILEXFER.H
		inc\FINGER.H = inc\FINGER.H
		inc\FINGERD.H = inc\FINGERD.H
		inc\FIOAPI.H = inc\FIOAPI.H
		inc\FSD.H = inc\FSD.H
		inc\FSDBBS.H = inc\FSDBBS.H
		inc\FTF.H = inc\FTF.H
		inc\FTG.H = inc\FTG.H
		inc\FTPD.H = inc\FTPD.H
		inc\FTSCOPE.H = inc\FTSCOPE.H
		inc\FUP.H = inc\FUP.H
		inc\FUSION.H = inc\FUSION.H
		inc\GALACTH.H = inc\GALACTH.H
		inc\GALFAX.H = inc\GALFAX.H
		inc\GALFDA.H = inc\GALFDA.H
		inc\GALFILH.H = inc\GALFILH.H
		inc\GALFXC.H = inc\GALFXC.H
		inc\GALPKT.H = inc\GALPKT.H
		inc\GALPNQH.H = inc\GALPNQH.H
		inc\GALTCPAT.H = inc\GALTCPAT.H
		inc\GALTEXT.H = inc\GALTEXT.H
		inc\GCCUROS.H = inc\GCCUROS.H
		inc\GCOMM.H = inc\GCOMM.H
		inc\GCSP.H = inc\GCSP.H
		inc\GCSPSRV.H = inc\GCSPSRV.H
		inc\GCTYPDEF.H = inc\GCTYPDEF.H
		inc\GCWINVER.H = inc\GCWINVER.H
		inc\GENDPK.H = inc\GENDPK.H
		inc\GME.H = inc\GME.H
		inc\INTEGROU.H = inc\INTEGROU.H
		inc\IPX.H = inc\IPX.H
		inc\ITERAND.H = inc\ITERAND.H
		inc\JUMPFAR.MAC = inc\JUMPFAR.MAC
		inc\KBDAPI.H = inc\KBDAPI.H
		inc\LINGO.H = inc\LINGO.H
		inc\LLCONFIG.H = inc\LLCONFIG.H
		inc\LOCKNKEY.H = inc\LOCKNKEY.H
		inc\MAJORBBS.H = inc\MAJORBBS.H
		inc\MCVAPI.H = inc\MCVAPI.H
		inc\MHSALIAS.H = inc\MHSALIAS.H
		inc\MIMEB64.H = inc\MIMEB64.H
		inc\MIMECTYP.H = inc\MIMECTYP.H
		inc\MODELHPL.MAC = inc\MODELHPL.MAC
		inc\MODELMTL.MAC = inc\MODELMTL.MAC
		inc\MSGRDR.H = inc\MSGRDR.H
		inc\MULTPART.H = inc\MULTPART.H
		inc\OBJMAP.H = inc\OBJMAP.H
		inc\OPRLOW.H = inc\OPRLOW.H
		inc\PAGING.H = inc\PAGING.H
		inc\PHASEDBG.H = inc\PHASEDBG.H
		inc\PROTSTUF.H = inc\PROTSTUF.H
		inc\QRYSTG.H = inc\QRYSTG.H
		inc\REMOTE.H = inc\REMOTE.H
		inc\RESERVE.H = inc\RESERVE.H
		inc\RLOGIND.H = inc\RLOGIND.H
		inc\SCP.H = inc\SCP.H
		inc\SCRIPT.H = inc\SCRIPT.H
		inc\server.h = inc\server.h
		inc\SMBAPI.H = inc\SMBAPI.H
		inc\smbwrap.h = inc\smbwrap.h
		inc\SMNNHOOK.H = inc\SMNNHOOK.H
		inc\SMTPEXP.H = inc\SMTPEXP.H
		inc\STATSCNS.H = inc\STATSCNS.H
		inc\TCPIP.H = inc\TCPIP.H
		inc\TCPORT.H = inc\TCPORT.H
		inc\TELNET.H = inc\TELNET.H
		inc\TELNETD.H = inc\TELNETD.H
		inc\TFSCAN.H = inc\TFSCAN.H
		inc\tlc.h = inc\tlc.h
		inc\tlcact.h = inc\tlcact.h
		inc\TLCAPI.H = inc\TLCAPI.H
		inc\TLCAPIC.H = inc\TLCAPIC.H
		inc\tlcchan.h = inc\tlcchan.h
		inc\TLCCMD.H = inc\TLCCMD.H
		inc\TLCCMDM.H = inc\TLCCMDM.H
		inc\TLCDCMD.H = inc\TLCDCMD.H
		inc\tlcdynch.h = inc\tlcdynch.h
		inc\TLCDYNCM.H = inc\TLCDYNCM.H
		inc\TLCDYNTR.H = inc\TLCDYNTR.H
		inc\TLCFUNC.H = inc\TLCFUNC.H
		inc\tlcpal.h = inc\tlcpal.h
		inc\TLCTRANS.H = inc\TLCTRANS.H
		inc\tlcuser.h = inc\tlcuser.h
		inc\TNO.H = inc\TNO.H
		inc\TVB.H = inc\TVB.H
		inc\UPDUTL.H = inc\UPDUTL.H
		inc\USRACC.H = inc\USRACC.H
		inc\UStructs.h = inc\UStructs.h
		inc\VBDATIM.H = inc\VBDATIM.H
		inc\VDIR.H = inc\VDIR.H
		inc\VDIRBBS.H = inc\VDIRBBS.H
		inc\VDIROS.H = inc\VDIROS.H
		inc\VIDAPI.H = inc\VIDAPI.H
		inc\WEBD.H = inc\WEBD.H
		inc\WELOG.H = inc\WELOG.H
		inc\WGSMM.H = inc\WGSMM.H
		inc\WGSMSGS.H = inc\WGSMSGS.H
		inc\WGSUEXT.H = inc\WGSUEXT.H
		inc\WORCOMN.H = inc\WORCOMN.H
		inc\WORLDLNK.H = inc\WORLDLNK.H
		inc\WORLDSRV.H = inc\WORLDSRV.H
	EndProjectSection
EndProject
Project("{2150E333-8FDC-42A3-9474-1A3956D46DE8}") = "msg", "msg", "{807F8435-780B-4DC1-9E32-6B6938082552}"
EndProject
Project("{2150E333-8FDC-42A3-9474-1A3956D46DE8}") = "v10", "v10", "{B8D1F340-7FAD-4168-827A-47E4E18FA6BC}"
	ProjectSection(SolutionItems) = preProject
		inc\msg\v10\galalias.h = inc\msg\v10\galalias.h
		inc\msg\v10\galchdir.h = inc\msg\v10\galchdir.h
		inc\msg\v10\GALDNS.h = inc\msg\v10\GALDNS.h
		inc\msg\v10\galfap.h = inc\msg\v10\galfap.h
		inc\msg\v10\galfil.h = inc\msg\v10\galfil.h
		inc\msg\v10\galfilah.h = inc\msg\v10\galfilah.h
		inc\msg\v10\galfing.h = inc\msg\v10\galfing.h
		inc\msg\v10\galfingd.h = inc\msg\v10\galfingd.h
		inc\msg\v10\galflmah.h = inc\msg\v10\galflmah.h
		inc\msg\v10\galfmah.h = inc\msg\v10\galfmah.h
		inc\msg\v10\galfmeml.h = inc\msg\v10\galfmeml.h
		inc\msg\v10\galfrmfl.h = inc\msg\v10\galfrmfl.h
		inc\msg\v10\galftp.h = inc\msg\v10\galftp.h
		inc\msg\v10\galftpd.h = inc\msg\v10\galftpd.h
		inc\msg\v10\galfxm.h = inc\msg\v10\galfxm.h
		inc\msg\v10\galident.h = inc\msg\v10\galident.h
		inc\msg\v10\galirc.h = inc\msg\v10\galirc.h
		inc\msg\v10\GALME.h = inc\msg\v10\GALME.h
		inc\msg\v10\galmhs.h = inc\msg\v10\galmhs.h
		inc\msg\v10\galmjd.h = inc\msg\v10\galmjd.h
		inc\msg\v10\galmsg.h = inc\msg\v10\galmsg.h
		inc\msg\v10\galmsgah.h = inc\msg\v10\galmsgah.h
		inc\msg\v10\galnntp.h = inc\msg\v10\galnntp.h
		inc\msg\v10\galnntpd.h = inc\msg\v10\galnntpd.h
		inc\msg\v10\galnote.h = inc\msg\v10\galnote.h
		inc\msg\v10\galpmah.h = inc\msg\v10\galpmah.h
		inc\msg\v10\galpnq.h = inc\msg\v10\galpnq.h
		inc\msg\v10\galpnqah.h = inc\msg\v10\galpnqah.h
		inc\msg\v10\galpop3.h = inc\msg\v10\galpop3.h
		inc\msg\v10\galqwk.h = inc\msg\v10\galqwk.h
		inc\msg\v10\galregah.h = inc\msg\v10\galregah.h
		inc\msg\v10\galregis.h = inc\msg\v10\galregis.h
		inc\msg\v10\galrlgn.h = inc\msg\v10\galrlgn.h
		inc\msg\v10\galrlgnd.h = inc\msg\v10\galrlgnd.h
		inc\msg\v10\galrsy.h = inc\msg\v10\galrsy.h
		inc\msg\v10\GALSCP.h = inc\msg\v10\GALSCP.h
		inc\msg\v10\galscwah.h = inc\msg\v10\galscwah.h
		inc\msg\v10\galsmtp.h = inc\msg\v10\galsmtp.h
		inc\msg\v10\galsmtpd.h = inc\msg\v10\galsmtpd.h
		inc\msg\v10\galsupah.h = inc\msg\v10\galsupah.h
		inc\msg\v10\GALTCPIP.h = inc\msg\v10\GALTCPIP.h
		inc\msg\v10\galtele.h = inc\msg\v10\galtele.h
		inc\msg\v10\GALTLC.h = inc\msg\v10\GALTLC.h
		inc\msg\v10\galtnt.h = inc\msg\v10\galtnt.h
		inc\msg\v10\galtntd.h = inc\msg\v10\galtntd.h
		inc\msg\v10\galuieah.h = inc\msg\v10\galuieah.h
		inc\msg\v10\galwebd.h = inc\msg\v10\galwebd.h
		inc\msg\v10\galwebhd.h = inc\msg\v10\galwebhd.h
		inc\msg\v10\galwebv.h = inc\msg\v10\galwebv.h
		inc\msg\v10\galxrfah.h = inc\msg\v10\galxrfah.h
		inc\msg\v10\ttivid.h = inc\msg\v10\ttivid.h
		inc\msg\v10\ttivod.h = inc\msg\v10\ttivod.h
		inc\msg\v10\wgsacct.h = inc\msg\v10\wgsacct.h
		inc\msg\v10\wgsedtf.h = inc\msg\v10\wgsedtf.h
		inc\msg\v10\wgsedtm.h = inc\msg\v10\wgsedtm.h
		inc\msg\v10\wgserver.h = inc\msg\v10\wgserver.h
		inc\msg\v10\wgsfsd.h = inc\msg\v10\wgsfsd.h
		inc\msg\v10\wgsftf.h = inc\msg\v10\wgsftf.h
		inc\msg\v10\wgsignup.h = inc\msg\v10\wgsignup.h
		inc\msg\v10\wgsmainm.h = inc\msg\v10\wgsmainm.h
		inc\msg\v10\wgsmajor.h = inc\msg\v10\wgsmajor.h
		inc\msg\v10\wgspag.h = inc\msg\v10\wgspag.h
		inc\msg\v10\wgsrip.h = inc\msg\v10\wgsrip.h
		inc\msg\v10\wgssup.h = inc\msg\v10\wgssup.h
		inc\msg\v10\worlnk.h = inc\msg\v10\worlnk.h
		inc\msg\v10\wormsg.h = inc\msg\v10\wormsg.h
		inc\msg\v10\wortlc.h = inc\msg\v10\wortlc.h
	EndProjectSection
EndProject
Project("{2150E333-8FDC-42A3-9474-1A3956D46DE8}") = "importlibs", "importlibs", "{247E6ACB-4B33-45EF-8088-6A23DAA20E50}"
	ProjectSection(SolutionItems) = preProject
		lib\importlibs\GALALIAS_LIB.LIB = lib\importlibs\GALALIAS_LIB.LIB
		lib\importlibs\GALCHDIR_LIB.LIB = lib\importlibs\GALCHDIR_LIB.LIB
		lib\importlibs\GALDNS_LIB.LIB = lib\importlibs\GALDNS_LIB.LIB
		lib\importlibs\GALFIL_LIB.LIB = lib\importlibs\GALFIL_LIB.LIB
		lib\importlibs\GALFINGD_LIB.LIB = lib\importlibs\GALFINGD_LIB.LIB
		lib\importlibs\GALFING_LIB.LIB = lib\importlibs\GALFING_LIB.LIB
		lib\importlibs\GALFMEML_LIB.LIB = lib\importlibs\GALFMEML_LIB.LIB
		lib\importlibs\GALFRMFL_LIB.LIB = lib\importlibs\GALFRMFL_LIB.LIB
		lib\importlibs\GALFTPD_LIB.LIB = lib\importlibs\GALFTPD_LIB.LIB
		lib\importlibs\GALFTP_LIB.LIB = lib\importlibs\GALFTP_LIB.LIB
		lib\importlibs\GALGSBL_LIB.LIB = lib\importlibs\GALGSBL_LIB.LIB
		lib\importlibs\GALIDENT_LIB.LIB = lib\importlibs\GALIDENT_LIB.LIB
		lib\importlibs\GALINV_LIB.LIB = lib\importlibs\GALINV_LIB.LIB
		lib\importlibs\GALIRC_LIB.LIB = lib\importlibs\GALIRC_LIB.LIB
		lib\importlibs\GALME_LIB.LIB = lib\importlibs\GALME_LIB.LIB
		lib\importlibs\GALMHS_LIB.LIB = lib\importlibs\GALMHS_LIB.LIB
		lib\importlibs\GALMIMEU_LIB.LIB = lib\importlibs\GALMIMEU_LIB.LIB
		lib\importlibs\GALMJD_LIB.LIB = lib\importlibs\GALMJD_LIB.LIB
		lib\importlibs\GALMSG_LIB.LIB = lib\importlibs\GALMSG_LIB.LIB
		lib\importlibs\GALNNTP_LIB.LIB = lib\importlibs\GALNNTP_LIB.LIB
		lib\importlibs\GALNOTE_LIB.LIB = lib\importlibs\GALNOTE_LIB.LIB
		lib\importlibs\GALPNQ_LIB.LIB = lib\importlibs\GALPNQ_LIB.LIB
		lib\importlibs\GALPOP3_LIB.LIB = lib\importlibs\GALPOP3_LIB.LIB
		lib\importlibs\GALQWK_LIB.LIB = lib\importlibs\GALQWK_LIB.LIB
		lib\importlibs\GALREG_LIB.LIB = lib\importlibs\GALREG_LIB.LIB
		lib\importlibs\GALRLGND_LIB.LIB = lib\importlibs\GALRLGND_LIB.LIB
		lib\importlibs\GALRLGN_LIB.LIB = lib\importlibs\GALRLGN_LIB.LIB
		lib\importlibs\GALRSY_LIB.LIB = lib\importlibs\GALRSY_LIB.LIB
		lib\importlibs\GALSCR_LIB.LIB = lib\importlibs\GALSCR_LIB.LIB
		lib\importlibs\GALSMB_LIB.LIB = lib\importlibs\GALSMB_LIB.LIB
		lib\importlibs\GALSMTP_LIB.LIB = lib\importlibs\GALSMTP_LIB.LIB
		lib\importlibs\GALTCPAT_LIB.LIB = lib\importlibs\GALTCPAT_LIB.LIB
		lib\importlibs\GALTCPIP_LIB.LIB = lib\importlibs\GALTCPIP_LIB.LIB
		lib\importlibs\GALTELE_LIB.LIB = lib\importlibs\GALTELE_LIB.LIB
		lib\importlibs\GALTEXT_LIB.LIB = lib\importlibs\GALTEXT_LIB.LIB
		lib\importlibs\GALTLC_LIB.LIB = lib\importlibs\GALTLC_LIB.LIB
		lib\importlibs\GALTNTD_LIB.LIB = lib\importlibs\GALTNTD_LIB.LIB
		lib\importlibs\GALTNT_LIB.LIB = lib\importlibs\GALTNT_LIB.LIB
		lib\importlibs\GALTXV_LIB.LIB = lib\importlibs\GALTXV_LIB.LIB
		lib\importlibs\GALUIE_LIB.LIB = lib\importlibs\GALUIE_LIB.LIB
		lib\importlibs\GALVDIR_LIB.LIB = lib\importlibs\GALVDIR_LIB.LIB
		lib\importlibs\GALWEBD_LIB.LIB = lib\importlibs\GALWEBD_LIB.LIB
		lib\importlibs\GALWSD_LIB.LIB = lib\importlibs\GALWSD_LIB.LIB
		lib\importlibs\GALXIT_LIB.LIB = lib\importlibs\GALXIT_LIB.LIB
		lib\importlibs\WGSERVER_LIB.LIB = lib\importlibs\WGSERVER_LIB.LIB
		lib\importlibs\WGSFSE_LIB.LIB = lib\importlibs\WGSFSE_LIB.LIB
		lib\importlibs\WGSMAINM_LIB.LIB = lib\importlibs\WGSMAINM_LIB.LIB
		lib\importlibs\WGSMED_LIB.LIB = lib\importlibs\WGSMED_LIB.LIB
		lib\importlibs\WGSUEXT_LIB.LIB = lib\importlibs\WGSUEXT_LIB.LIB
	EndProjectSection
EndProject
Project("{2150E333-8FDC-42A3-9474-1A3956D46DE8}") = "static", "static", "{29BD0060-C53A-4D15-9044-8F182D4776C9}"
	ProjectSection(SolutionItems) = preProject
		lib\static\gcommlib.lib = lib\static\gcommlib.lib
	EndProjectSection
EndProject
Project("{2150E333-8FDC-42A3-9474-1A3956D46DE8}") = "v10", "v10", "{5AF30ABB-3C92-41FE-B495-0013B2B70FFE}"
	ProjectSection(SolutionItems) = preProject
		lib\v10\WGSBTR.LIB = lib\v10\WGSBTR.LIB
	EndProjectSection
EndProject
Project("{8BC9CEB8-8B4A-11D0-8D11-00A0C91BC942}") = "MBBSAI", "MBBSAI\MBBSAI.vcxproj", "{A4DED148-8613-4218-A1B7-083DE744B75C}"
EndProject
Global
	GlobalSection(SolutionConfigurationPlatforms) = preSolution
		Debug|Any CPU = Debug|Any CPU
		Debug|x64 = Debug|x64
		Debug|x86 = Debug|x86
		Release|Any CPU = Release|Any CPU
		Release|x64 = Release|x64
		Release|x86 = Release|x86
	EndGlobalSection
	GlobalSection(ProjectConfigurationPlatforms) = postSolution
		{1CE75F1F-6BCE-4631-84C6-5EEA5899F30A}.Debug|Any CPU.ActiveCfg = Debug|x86
		{1CE75F1F-6BCE-4631-84C6-5EEA5899F30A}.Debug|x64.ActiveCfg = Debug|x86
		{1CE75F1F-6BCE-4631-84C6-5EEA5899F30A}.Debug|x86.ActiveCfg = Debug|x86
		{1CE75F1F-6BCE-4631-84C6-5EEA5899F30A}.Debug|x86.Build.0 = Debug|x86
		{1CE75F1F-6BCE-4631-84C6-5EEA5899F30A}.Release|Any CPU.ActiveCfg = Release|x86
		{1CE75F1F-6BCE-4631-84C6-5EEA5899F30A}.Release|x64.ActiveCfg = Release|x86
		{1CE75F1F-6BCE-4631-84C6-5EEA5899F30A}.Release|x86.ActiveCfg = Release|x86
		{1CE75F1F-6BCE-4631-84C6-5EEA5899F30A}.Release|x86.Build.0 = Release|x86
		{B7279DAA-9A5F-226A-C59A-CC941A761CAB}.Debug|Any CPU.ActiveCfg = Debug|Win32
		{B7279DAA-9A5F-226A-C59A-CC941A761CAB}.Debug|Any CPU.Build.0 = Debug|Win32
		{B7279DAA-9A5F-226A-C59A-CC941A761CAB}.Debug|x64.ActiveCfg = Debug|x64
		{B7279DAA-9A5F-226A-C59A-CC941A761CAB}.Debug|x64.Build.0 = Debug|x64
		{B7279DAA-9A5F-226A-C59A-CC941A761CAB}.Debug|x86.ActiveCfg = Debug|Win32
		{B7279DAA-9A5F-226A-C59A-CC941A761CAB}.Debug|x86.Build.0 = Debug|Win32
		{B7279DAA-9A5F-226A-C59A-CC941A761CAB}.Release|Any CPU.ActiveCfg = Release|x64
		{B7279DAA-9A5F-226A-C59A-CC941A761CAB}.Release|Any CPU.Build.0 = Release|x64
		{B7279DAA-9A5F-226A-C59A-CC941A761CAB}.Release|x64.ActiveCfg = Release|x64
		{B7279DAA-9A5F-226A-C59A-CC941A761CAB}.Release|x64.Build.0 = Release|x64
		{B7279DAA-9A5F-226A-C59A-CC941A761CAB}.Release|x86.ActiveCfg = Release|Win32
		{B7279DAA-9A5F-226A-C59A-CC941A761CAB}.Release|x86.Build.0 = Release|Win32
		{A4DED148-8613-4218-A1B7-083DE744B75C}.Debug|Any CPU.ActiveCfg = Debug|Win32
		{A4DED148-8613-4218-A1B7-083DE744B75C}.Debug|Any CPU.Build.0 = Debug|Win32
		{A4DED148-8613-4218-A1B7-083DE744B75C}.Debug|x64.ActiveCfg = Debug|x64
		{A4DED148-8613-4218-A1B7-083DE744B75C}.Debug|x64.Build.0 = Debug|x64
		{A4DED148-8613-4218-A1B7-083DE744B75C}.Debug|x86.ActiveCfg = Debug|Win32
		{A4DED148-8613-4218-A1B7-083DE744B75C}.Debug|x86.Build.0 = Debug|Win32
		{A4DED148-8613-4218-A1B7-083DE744B75C}.Release|Any CPU.ActiveCfg = Release|x64
		{A4DED148-8613-4218-A1B7-083DE744B75C}.Release|Any CPU.Build.0 = Release|x64
		{A4DED148-8613-4218-A1B7-083DE744B75C}.Release|x64.ActiveCfg = Release|x64
		{A4DED148-8613-4218-A1B7-083DE744B75C}.Release|x64.Build.0 = Release|x64
		{A4DED148-8613-4218-A1B7-083DE744B75C}.Release|x86.ActiveCfg = Release|Win32
		{A4DED148-8613-4218-A1B7-083DE744B75C}.Release|x86.Build.0 = Release|Win32
	EndGlobalSection
	GlobalSection(SolutionProperties) = preSolution
		HideSolutionNode = FALSE
	EndGlobalSection
	GlobalSection(NestedProjects) = preSolution
		{807F8435-780B-4DC1-9E32-6B6938082552} = {D4CEE52A-B81D-430E-ABBA-796B33B35221}
		{B8D1F340-7FAD-4168-827A-47E4E18FA6BC} = {807F8435-780B-4DC1-9E32-6B6938082552}
		{247E6ACB-4B33-45EF-8088-6A23DAA20E50} = {76AC9885-C88B-4814-9143-C1B769535E25}
		{29BD0060-C53A-4D15-9044-8F182D4776C9} = {76AC9885-C88B-4814-9143-C1B769535E25}
		{5AF30ABB-3C92-41FE-B495-0013B2B70FFE} = {76AC9885-C88B-4814-9143-C1B769535E25}
	EndGlobalSection
	GlobalSection(ExtensibilityGlobals) = postSolution
		SolutionGuid = {584D44A4-EE65-4AE6-A737-D8534F2E6B72}
	EndGlobalSection
EndGlobal
